// !$*UTF8*$!
{
	archiveVersion = 1;
	classes = {
	};
	objectVersion = 56;
	objects = {

/* Begin PBXBuildFile section */
		522B0B832A86A41000680D2A /* AppDelegate.swift in Sources */ = {isa = PBXBuildFile; fileRef = 522B0B822A86A41000680D2A /* AppDelegate.swift */; };
		522B0B852A86A41000680D2A /* SceneDelegate.swift in Sources */ = {isa = PBXBuildFile; fileRef = 522B0B842A86A41000680D2A /* SceneDelegate.swift */; };
		522B0B8A2A86A41000680D2A /* Main.storyboard in Resources */ = {isa = PBXBuildFile; fileRef = 522B0B882A86A41000680D2A /* Main.storyboard */; };
		522B0B8C2A86A41200680D2A /* Assets.xcassets in Resources */ = {isa = PBXBuildFile; fileRef = 522B0B8B2A86A41200680D2A /* Assets.xcassets */; };
		522B0B8F2A86A41200680D2A /* LaunchScreen.storyboard in Resources */ = {isa = PBXBuildFile; fileRef = 522B0B8D2A86A41200680D2A /* LaunchScreen.storyboard */; };
		522B0B972A86D71F00680D2A /* VitrinViewController.swift in Sources */ = {isa = PBXBuildFile; fileRef = 522B0B962A86D71F00680D2A /* VitrinViewController.swift */; };
		522B0B992A86D74400680D2A /* AramaViewController.swift in Sources */ = {isa = PBXBuildFile; fileRef = 522B0B982A86D74400680D2A /* AramaViewController.swift */; };
		523B96A02A8BFAA700CDB1FE /* vitrinModel.swift in Sources */ = {isa = PBXBuildFile; fileRef = 523B969F2A8BFAA700CDB1FE /* vitrinModel.swift */; };
		526FB3C82A87F11D006E7FA2 /* VitrinCollectionViewCell.swift in Sources */ = {isa = PBXBuildFile; fileRef = 526FB3C72A87F11D006E7FA2 /* VitrinCollectionViewCell.swift */; };
		529E1B012A92355600D41721 /* TabBarViewController.swift in Sources */ = {isa = PBXBuildFile; fileRef = 529E1B002A92355600D41721 /* TabBarViewController.swift */; };
		529E1B032A9257C700D41721 /* AramaTableViewCell.swift in Sources */ = {isa = PBXBuildFile; fileRef = 529E1B022A9257C700D41721 /* AramaTableViewCell.swift */; };
		529E1B052A925C1900D41721 /* aramaModel.swift in Sources */ = {isa = PBXBuildFile; fileRef = 529E1B042A925C1900D41721 /* aramaModel.swift */; };
/* End PBXBuildFile section */

/* Begin PBXFileReference section */
		522B0B7F2A86A41000680D2A /* Sahibinden_Clone.app */ = {isa = PBXFileReference; explicitFileType = wrapper.application; includeInIndex = 0; path = Sahibinden_Clone.app; sourceTree = BUILT_PRODUCTS_DIR; };
		522B0B822A86A41000680D2A /* AppDelegate.swift */ = {isa = PBXFileReference; lastKnownFileType = sourcecode.swift; path = AppDelegate.swift; sourceTree = "<group>"; };
		522B0B842A86A41000680D2A /* SceneDelegate.swift */ = {isa = PBXFileReference; lastKnownFileType = sourcecode.swift; path = SceneDelegate.swift; sourceTree = "<group>"; };
		522B0B892A86A41000680D2A /* Base */ = {isa = PBXFileReference; lastKnownFileType = file.storyboard; name = Base; path = Base.lproj/Main.storyboard; sourceTree = "<group>"; };
		522B0B8B2A86A41200680D2A /* Assets.xcassets */ = {isa = PBXFileReference; lastKnownFileType = folder.assetcatalog; path = Assets.xcassets; sourceTree = "<group>"; };
		522B0B8E2A86A41200680D2A /* Base */ = {isa = PBXFileReference; lastKnownFileType = file.storyboard; name = Base; path = Base.lproj/LaunchScreen.storyboard; sourceTree = "<group>"; };
		522B0B902A86A41200680D2A /* Info.plist */ = {isa = PBXFileReference; lastKnownFileType = text.plist.xml; path = Info.plist; sourceTree = "<group>"; };
		522B0B962A86D71F00680D2A /* VitrinViewController.swift */ = {isa = PBXFileReference; lastKnownFileType = sourcecode.swift; path = VitrinViewController.swift; sourceTree = "<group>"; };
		522B0B982A86D74400680D2A /* AramaViewController.swift */ = {isa = PBXFileReference; lastKnownFileType = sourcecode.swift; path = AramaViewController.swift; sourceTree = "<group>"; };
		523B969F2A8BFAA700CDB1FE /* vitrinModel.swift */ = {isa = PBXFileReference; lastKnownFileType = sourcecode.swift; path = vitrinModel.swift; sourceTree = "<group>"; };
		526FB3C72A87F11D006E7FA2 /* VitrinCollectionViewCell.swift */ = {isa = PBXFileReference; lastKnownFileType = sourcecode.swift; path = VitrinCollectionViewCell.swift; sourceTree = "<group>"; };
		529E1B002A92355600D41721 /* TabBarViewController.swift */ = {isa = PBXFileReference; lastKnownFileType = sourcecode.swift; path = TabBarViewController.swift; sourceTree = "<group>"; };
		529E1B022A9257C700D41721 /* AramaTableViewCell.swift */ = {isa = PBXFileReference; lastKnownFileType = sourcecode.swift; path = AramaTableViewCell.swift; sourceTree = "<group>"; };
		529E1B042A925C1900D41721 /* aramaModel.swift */ = {isa = PBXFileReference; lastKnownFileType = sourcecode.swift; path = aramaModel.swift; sourceTree = "<group>"; };
/* End PBXFileReference section */

/* Begin PBXFrameworksBuildPhase section */
		522B0B7C2A86A41000680D2A /* Frameworks */ = {
			isa = PBXFrameworksBuildPhase;
			buildActionMask = 2147483647;
			files = (
			);
			runOnlyForDeploymentPostprocessing = 0;
		};
/* End PBXFrameworksBuildPhase section */

/* Begin PBXGroup section */
		522B0B762A86A41000680D2A = {
			isa = PBXGroup;
			children = (
				522B0B812A86A41000680D2A /* Sahibinden_Clone */,
				522B0B802A86A41000680D2A /* Products */,
			);
			sourceTree = "<group>";
		};
		522B0B802A86A41000680D2A /* Products */ = {
			isa = PBXGroup;
			children = (
				522B0B7F2A86A41000680D2A /* Sahibinden_Clone.app */,
			);
			name = Products;
			sourceTree = "<group>";
		};
		522B0B812A86A41000680D2A /* Sahibinden_Clone */ = {
			isa = PBXGroup;
			children = (
				522B0B822A86A41000680D2A /* AppDelegate.swift */,
				522B0B842A86A41000680D2A /* SceneDelegate.swift */,
				522B0B962A86D71F00680D2A /* VitrinViewController.swift */,
				526FB3C72A87F11D006E7FA2 /* VitrinCollectionViewCell.swift */,
				522B0B982A86D74400680D2A /* AramaViewController.swift */,
				522B0B882A86A41000680D2A /* Main.storyboard */,
				522B0B8B2A86A41200680D2A /* Assets.xcassets */,
				522B0B8D2A86A41200680D2A /* LaunchScreen.storyboard */,
				522B0B902A86A41200680D2A /* Info.plist */,
				523B969F2A8BFAA700CDB1FE /* vitrinModel.swift */,
				529E1B002A92355600D41721 /* TabBarViewController.swift */,
				529E1B022A9257C700D41721 /* AramaTableViewCell.swift */,
				529E1B042A925C1900D41721 /* aramaModel.swift */,
			);
			path = Sahibinden_Clone;
			sourceTree = "<group>";
		};
/* End PBXGroup section */

/* Begin PBXNativeTarget section */
		522B0B7E2A86A41000680D2A /* Sahibinden_Clone */ = {
			isa = PBXNativeTarget;
			buildConfigurationList = 522B0B932A86A41200680D2A /* Build configuration list for PBXNativeTarget "Sahibinden_Clone" */;
			buildPhases = (
				522B0B7B2A86A41000680D2A /* Sources */,
				522B0B7C2A86A41000680D2A /* Frameworks */,
				522B0B7D2A86A41000680D2A /* Resources */,
			);
			buildRules = (
			);
			dependencies = (
			);
			name = Sahibinden_Clone;
			productName = Sahibinden_Clone;
			productReference = 522B0B7F2A86A41000680D2A /* Sahibinden_Clone.app */;
			productType = "com.apple.product-type.application";
		};
/* End PBXNativeTarget section */

/* Begin PBXProject section */
		522B0B772A86A41000680D2A /* Project object */ = {
			isa = PBXProject;
			attributes = {
				BuildIndependentTargetsInParallel = 1;
				LastSwiftUpdateCheck = 1430;
				LastUpgradeCheck = 1430;
				TargetAttributes = {
					522B0B7E2A86A41000680D2A = {
						CreatedOnToolsVersion = 14.3.1;
					};
				};
			};
			buildConfigurationList = 522B0B7A2A86A41000680D2A /* Build configuration list for PBXProject "Sahibinden_Clone" */;
			compatibilityVersion = "Xcode 14.0";
			developmentRegion = en;
			hasScannedForEncodings = 0;
			knownRegions = (
				en,
				Base,
			);
			mainGroup = 522B0B762A86A41000680D2A;
			productRefGroup = 522B0B802A86A41000680D2A /* Products */;
			projectDirPath = "";
			projectRoot = "";
			targets = (
				522B0B7E2A86A41000680D2A /* Sahibinden_Clone */,
			);
		};
/* End PBXProject section */

/* Begin PBXResourcesBuildPhase section */
		522B0B7D2A86A41000680D2A /* Resources */ = {
			isa = PBXResourcesBuildPhase;
			buildActionMask = 2147483647;
			files = (
				522B0B8F2A86A41200680D2A /* LaunchScreen.storyboard in Resources */,
				522B0B8C2A86A41200680D2A /* Assets.xcassets in Resources */,
				522B0B8A2A86A41000680D2A /* Main.storyboard in Resources */,
			);
			runOnlyForDeploymentPostprocessing = 0;
		};
/* End PBXResourcesBuildPhase section */

/* Begin PBXSourcesBuildPhase section */
		522B0B7B2A86A41000680D2A /* Sources */ = {
			isa = PBXSourcesBuildPhase;
			buildActionMask = 2147483647;
			files = (
				529E1B032A9257C700D41721 /* AramaTableViewCell.swift in Sources */,
				522B0B832A86A41000680D2A /* AppDelegate.swift in Sources */,
				522B0B992A86D74400680D2A /* AramaViewController.swift in Sources */,
				522B0B852A86A41000680D2A /* SceneDelegate.swift in Sources */,
				522B0B972A86D71F00680D2A /* VitrinViewController.swift in Sources */,
				529E1B012A92355600D41721 /* TabBarViewController.swift in Sources */,
				529E1B052A925C1900D41721 /* aramaModel.swift in Sources */,
				526FB3C82A87F11D006E7FA2 /* VitrinCollectionViewCell.swift in Sources */,
				523B96A02A8BFAA700CDB1FE /* vitrinModel.swift in Sources */,
			);
			runOnlyForDeploymentPostprocessing = 0;
		};
/* End PBXSourcesBuildPhase section */

/* Begin PBXVariantGroup section */
		522B0B882A86A41000680D2A /* Main.storyboard */ = {
			isa = PBXVariantGroup;
			children = (
				522B0B892A86A41000680D2A /* Base */,
			);
			name = Main.storyboard;
			sourceTree = "<group>";
		};
		522B0B8D2A86A41200680D2A /* LaunchScreen.storyboard */ = {
			isa = PBXVariantGroup;
			children = (
				522B0B8E2A86A41200680D2A /* Base */,
			);
			name = LaunchScreen.storyboard;
			sourceTree = "<group>";
		};
/* End PBXVariantGroup section */

/* Begin XCBuildConfiguration section */
		522B0B912A86A41200680D2A /* Debug */ = {
			isa = XCBuildConfiguration;
			buildSettings = {
				ALWAYS_SEARCH_USER_PATHS = NO;
				CLANG_ANALYZER_NONNULL = YES;
				CLANG_ANALYZER_NUMBER_OBJECT_CONVERSION = YES_AGGRESSIVE;
				CLANG_CXX_LANGUAGE_STANDARD = "gnu++20";
				CLANG_ENABLE_MODULES = YES;
				CLANG_ENABLE_OBJC_ARC = YES;
				CLANG_ENABLE_OBJC_WEAK = YES;
				CLANG_WARN_BLOCK_CAPTURE_AUTORELEASING = YES;
				CLANG_WARN_BOOL_CONVERSION = YES;
				CLANG_WARN_COMMA = YES;
				CLANG_WARN_CONSTANT_CONVERSION = YES;
				CLANG_WARN_DEPRECATED_OBJC_IMPLEMENTATIONS = YES;
				CLANG_WARN_DIRECT_OBJC_ISA_USAGE = YES_ERROR;
				CLANG_WARN_DOCUMENTATION_COMMENTS = YES;
				CLANG_WARN_EMPTY_BODY = YES;
				CLANG_WARN_ENUM_CONVERSION = YES;
				CLANG_WARN_INFINITE_RECURSION = YES;
				CLANG_WARN_INT_CONVERSION = YES;
				CLANG_WARN_NON_LITERAL_NULL_CONVERSION = YES;
				CLANG_WARN_OBJC_IMPLICIT_RETAIN_SELF = YES;
				CLANG_WARN_OBJC_LITERAL_CONVERSION = YES;
				CLANG_WARN_OBJC_ROOT_CLASS = YES_ERROR;
				CLANG_WARN_QUOTED_INCLUDE_IN_FRAMEWORK_HEADER = YES;
				CLANG_WARN_RANGE_LOOP_ANALYSIS = YES;
				CLANG_WARN_STRICT_PROTOTYPES = YES;
				CLANG_WARN_SUSPICIOUS_MOVE = YES;
				CLANG_WARN_UNGUARDED_AVAILABILITY = YES_AGGRESSIVE;
				CLANG_WARN_UNREACHABLE_CODE = YES;
				CLANG_WARN__DUPLICATE_METHOD_MATCH = YES;
				COPY_PHASE_STRIP = NO;
				DEBUG_INFORMATION_FORMAT = dwarf;
				ENABLE_STRICT_OBJC_MSGSEND = YES;
				ENABLE_TESTABILITY = YES;
				GCC_C_LANGUAGE_STANDARD = gnu11;
				GCC_DYNAMIC_NO_PIC = NO;
				GCC_NO_COMMON_BLOCKS = YES;
				GCC_OPTIMIZATION_LEVEL = 0;
				GCC_PREPROCESSOR_DEFINITIONS = (
					"DEBUG=1",
					"$(inherited)",
				);
				GCC_WARN_64_TO_32_BIT_CONVERSION = YES;
				GCC_WARN_ABOUT_RETURN_TYPE = YES_ERROR;
				GCC_WARN_UNDECLARED_SELECTOR = YES;
				GCC_WARN_UNINITIALIZED_AUTOS = YES_AGGRESSIVE;
				GCC_WARN_UNUSED_FUNCTION = YES;
				GCC_WARN_UNUSED_VARIABLE = YES;
				IPHONEOS_DEPLOYMENT_TARGET = 16.4;
				MTL_ENABLE_DEBUG_INFO = INCLUDE_SOURCE;
				MTL_FAST_MATH = YES;
				ONLY_ACTIVE_ARCH = YES;
				SDKROOT = iphoneos;
				SWIFT_ACTIVE_COMPILATION_CONDITIONS = DEBUG;
				SWIFT_OPTIMIZATION_LEVEL = "-Onone";
			};
			name = Debug;
		};
		522B0B922A86A41200680D2A /* Release */ = {
			isa = XCBuildConfiguration;
			buildSettings = {
				ALWAYS_SEARCH_USER_PATHS = NO;
				CLANG_ANALYZER_NONNULL = YES;
				CLANG_ANALYZER_NUMBER_OBJECT_CONVERSION = YES_AGGRESSIVE;
				CLANG_CXX_LANGUAGE_STANDARD = "gnu++20";
				CLANG_ENABLE_MODULES = YES;
				CLANG_ENABLE_OBJC_ARC = YES;
				CLANG_ENABLE_OBJC_WEAK = YES;
				CLANG_WARN_BLOCK_CAPTURE_AUTORELEASING = YES;
				CLANG_WARN_BOOL_CONVERSION = YES;
				CLANG_WARN_COMMA = YES;
				CLANG_WARN_CONSTANT_CONVERSION = YES;
				CLANG_WARN_DEPRECATED_OBJC_IMPLEMENTATIONS = YES;
				CLANG_WARN_DIRECT_OBJC_ISA_USAGE = YES_ERROR;
				CLANG_WARN_DOCUMENTATION_COMMENTS = YES;
				CLANG_WARN_EMPTY_BODY = YES;
				CLANG_WARN_ENUM_CONVERSION = YES;
				CLANG_WARN_INFINITE_RECURSION = YES;
				CLANG_WARN_INT_CONVERSION = YES;
				CLANG_WARN_NON_LITERAL_NULL_CONVERSION = YES;
				CLANG_WARN_OBJC_IMPLICIT_RETAIN_SELF = YES;
				CLANG_WARN_OBJC_LITERAL_CONVERSION = YES;
				CLANG_WARN_OBJC_ROOT_CLASS = YES_ERROR;
				CLANG_WARN_QUOTED_INCLUDE_IN_FRAMEWORK_HEADER = YES;
				CLANG_WARN_RANGE_LOOP_ANALYSIS = YES;
				CLANG_WARN_STRICT_PROTOTYPES = YES;
				CLANG_WARN_SUSPICIOUS_MOVE = YES;
				CLANG_WARN_UNGUARDED_AVAILABILITY = YES_AGGRESSIVE;
				CLANG_WARN_UNREACHABLE_CODE = YES;
				CLANG_WARN__DUPLICATE_METHOD_MATCH = YES;
				COPY_PHASE_STRIP = NO;
				DEBUG_INFORMATION_FORMAT = "dwarf-with-dsym";
				ENABLE_NS_ASSERTIONS = NO;
				ENABLE_STRICT_OBJC_MSGSEND = YES;
				GCC_C_LANGUAGE_STANDARD = gnu11;
				GCC_NO_COMMON_BLOCKS = YES;
				GCC_WARN_64_TO_32_BIT_CONVERSION = YES;
				GCC_WARN_ABOUT_RETURN_TYPE = YES_ERROR;
				GCC_WARN_UNDECLARED_SELECTOR = YES;
				GCC_WARN_UNINITIALIZED_AUTOS = YES_AGGRESSIVE;
				GCC_WARN_UNUSED_FUNCTION = YES;
				GCC_WARN_UNUSED_VARIABLE = YES;
				IPHONEOS_DEPLOYMENT_TARGET = 16.4;
				MTL_ENABLE_DEBUG_INFO = NO;
				MTL_FAST_MATH = YES;
				SDKROOT = iphoneos;
				SWIFT_COMPILATION_MODE = wholemodule;
				SWIFT_OPTIMIZATION_LEVEL = "-O";
				VALIDATE_PRODUCT = YES;
			};
			name = Release;
		};
		522B0B942A86A41200680D2A /* Debug */ = {
			isa = XCBuildConfiguration;
			buildSettings = {
				ASSETCATALOG_COMPILER_APPICON_NAME = AppIcon;
				ASSETCATALOG_COMPILER_GLOBAL_ACCENT_COLOR_NAME = AccentColor;
				CODE_SIGN_STYLE = Automatic;
				CURRENT_PROJECT_VERSION = 1;
				DEVELOPMENT_TEAM = MPTU59K97X;
				GENERATE_INFOPLIST_FILE = YES;
				INFOPLIST_FILE = Sahibinden_Clone/Info.plist;
				INFOPLIST_KEY_UIApplicationSupportsIndirectInputEvents = YES;
				INFOPLIST_KEY_UILaunchStoryboardName = LaunchScreen;
				INFOPLIST_KEY_UIMainStoryboardFile = Main;
				INFOPLIST_KEY_UISupportedInterfaceOrientations_iPad = "UIInterfaceOrientationPortrait UIInterfaceOrientationPortraitUpsideDown UIInterfaceOrientationLandscapeLeft UIInterfaceOrientationLandscapeRight";
				INFOPLIST_KEY_UISupportedInterfaceOrientations_iPhone = "UIInterfaceOrientationPortrait UIInterfaceOrientationLandscapeLeft UIInterfaceOrientationLandscapeRight";
				LD_RUNPATH_SEARCH_PATHS = (
					"$(inherited)",
					"@executable_path/Frameworks",
				);
				MARKETING_VERSION = 1.0;
				PRODUCT_BUNDLE_IDENTIFIER = "EcemOzturk.Sahibinden-Clone";
				PRODUCT_NAME = "$(TARGET_NAME)";
				SWIFT_EMIT_LOC_STRINGS = YES;
				SWIFT_VERSION = 5.0;
				TARGETED_DEVICE_FAMILY = "1,2";
			};
			name = Debug;
		};
		522B0B952A86A41200680D2A /* Release */ = {
			isa = XCBuildConfiguration;
			buildSettings = {
				ASSETCATALOG_COMPILER_APPICON_NAME = AppIcon;
				ASSETCATALOG_COMPILER_GLOBAL_ACCENT_COLOR_NAME = AccentColor;
				CODE_SIGN_STYLE = Automatic;
				CURRENT_PROJECT_VERSION = 1;
				DEVELOPMENT_TEAM = MPTU59K97X;
				GENERATE_INFOPLIST_FILE = YES;
				INFOPLIST_FILE = Sahibinden_Clone/Info.plist;
				INFOPLIST_KEY_UIApplicationSupportsIndirectInputEvents = YES;
				INFOPLIST_KEY_UILaunchStoryboardName = LaunchScreen;
				INFOPLIST_KEY_UIMainStoryboardFile = Main;
				INFOPLIST_KEY_UISupportedInterfaceOrientations_iPad = "UIInterfaceOrientationPortrait UIInterfaceOrientationPortraitUpsideDown UIInterfaceOrientationLandscapeLeft UIInterfaceOrientationLandscapeRight";
				INFOPLIST_KEY_UISupportedInterfaceOrientations_iPhone = "UIInterfaceOrientationPortrait UIInterfaceOrientationLandscapeLeft UIInterfaceOrientationLandscapeRight";
				LD_RUNPATH_SEARCH_PATHS = (
					"$(inherited)",
					"@executable_path/Frameworks",
				);
				MARKETING_VERSION = 1.0;
				PRODUCT_BUNDLE_IDENTIFIER = "EcemOzturk.Sahibinden-Clone";
				PRODUCT_NAME = "$(TARGET_NAME)";
				SWIFT_EMIT_LOC_STRINGS = YES;
				SWIFT_VERSION = 5.0;
				TARGETED_DEVICE_FAMILY = "1,2";
			};
			name = Release;
		};
/* End XCBuildConfiguration section */

/* Begin XCConfigurationList section */
		522B0B7A2A86A41000680D2A /* Build configuration list for PBXProject "Sahibinden_Clone" */ = {
			isa = XCConfigurationList;
			buildConfigurations = (
				522B0B912A86A41200680D2A /* Debug */,
				522B0B922A86A41200680D2A /* Release */,
			);
			defaultConfigurationIsVisible = 0;
			defaultConfigurationName = Release;
		};
		522B0B932A86A41200680D2A /* Build configuration list for PBXNativeTarget "Sahibinden_Clone" */ = {
			isa = XCConfigurationList;
			buildConfigurations = (
				522B0B942A86A41200680D2A /* Debug */,
				522B0B952A86A41200680D2A /* Release */,
			);
			defaultConfigurationIsVisible = 0;
			defaultConfigurationName = Release;
		};
/* End XCConfigurationList section */
	};
	rootObject = 522B0B772A86A41000680D2A /* Project object */;
}
